dependencies:
- name: app-template
  repository: oci://ghcr.io/bjw-s/helm
  version: 3.6.0
- name: postgresql
  repository: https://charts.bitnami.com/bitnami
  version: 16.7.27
- name: redis
  repository: https://charts.bitnami.com/bitnami
  version: 22.0.7
digest: sha256:484f4c00a8ace18969ddf67926cdfe8308ceffdf09e2abd3d1391bbce623fccd
generated: "2025-09-09T13:59:27.296021904Z"
