dependencies:
- name: app-template
  repository: https://bjw-s-labs.github.io/helm-charts
  version: 4.2.0
- name: postgresql
  repository: https://charts.bitnami.com/bitnami
  version: 16.7.27
- name: redis
  repository: https://charts.bitnami.com/bitnami
  version: 22.0.7
digest: sha256:1da8fd74feb1ab826194bb0938897a76e2768f4f11aca29e2b8c8c5f19320799
generated: "2025-09-10T18:25:04.94325474+02:00"
